
Microsoft Visual Studio Solution File, Format Version 11.00
# Visual Studio 2010
Project("{FAE04EC0-301F-11D3-BF4B-00C04F79EFBC}") = "demo7.30", "demo7.30\demo7.30.csproj", "{835A1654-E722-482F-99E4-0F14D4A5D52D}"
EndProject
Global
	GlobalSection(SolutionConfigurationPlatforms) = preSolution
		Debug|x86 = Debug|x86
		Release|x86 = Release|x86
	EndGlobalSection
	GlobalSection(ProjectConfigurationPlatforms) = postSolution
		{835A1654-E722-482F-99E4-0F14D4A5D52D}.Debug|x86.ActiveCfg = Debug|x86
		{835A1654-E722-482F-99E4-0F14D4A5D52D}.Debug|x86.Build.0 = Debug|x86
		{835A1654-E722-482F-99E4-0F14D4A5D52D}.Release|x86.ActiveCfg = Release|x86
		{835A1654-E722-482F-99E4-0F14D4A5D52D}.Release|x86.Build.0 = Release|x86
	EndGlobalSection
	GlobalSection(SolutionProperties) = preSolution
		HideSolutionNode = FALSE
	EndGlobalSection
EndGlobal
